
Microsoft Visual Studio Solution File, Format Version 12.00
# Visual Studio Version 16
VisualStudioVersion = 16.0.29009.5
MinimumVisualStudioVersion = 10.0.40219.1
Project("{FAE04EC0-301F-11D3-BF4B-00C04F79EFBC}") = "MvcMovie57", "MvcMovie57\MvcMovie57.csproj", "{DF64FDA3-1B78-4EC8-A08F-F07060781559}"
EndProject
Global
	GlobalSection(SolutionConfigurationPlatforms) = preSolution
		Debug|Any CPU = Debug|Any CPU
		Release|Any CPU = Release|Any CPU
	EndGlobalSection
	GlobalSection(ProjectConfigurationPlatforms) = postSolution
		{DF64FDA3-1B78-4EC8-A08F-F07060781559}.Debug|Any CPU.ActiveCfg = Debug|Any CPU
		{DF64FDA3-1B78-4EC8-A08F-F07060781559}.Debug|Any CPU.Build.0 = Debug|Any CPU
		{DF64FDA3-1B78-4EC8-A08F-F07060781559}.Release|Any CPU.ActiveCfg = Release|Any CPU
		{DF64FDA3-1B78-4EC8-A08F-F07060781559}.Release|Any CPU.Build.0 = Release|Any CPU
	EndGlobalSection
	GlobalSection(SolutionProperties) = preSolution
		HideSolutionNode = FALSE
	EndGlobalSection
	GlobalSection(ExtensibilityGlobals) = postSolution
		SolutionGuid = {10A800A5-2B88-4552-99C6-D4E44A7EC368}
	EndGlobalSection
EndGlobal
