
Microsoft Visual Studio Solution File, Format Version 12.00
# Visual Studio Version 16
VisualStudioVersion = 16.0.29020.237
MinimumVisualStudioVersion = 10.0.40219.1
Project("{FAE04EC0-301F-11D3-BF4B-00C04F79EFBC}") = "Bank57", "Bank57\Bank57.csproj", "{BC2E4FA8-09BC-4C64-BFD0-E4EE2F5CAF4A}"
EndProject
Project("{FAE04EC0-301F-11D3-BF4B-00C04F79EFBC}") = "Bank57Tests", "Bank57Tests\Bank57Tests.csproj", "{F2167AC9-924F-454B-B615-61432F1953A0}"
EndProject
Global
	GlobalSection(SolutionConfigurationPlatforms) = preSolution
		Debug|Any CPU = Debug|Any CPU
		Release|Any CPU = Release|Any CPU
	EndGlobalSection
	GlobalSection(ProjectConfigurationPlatforms) = postSolution
		{BC2E4FA8-09BC-4C64-BFD0-E4EE2F5CAF4A}.Debug|Any CPU.ActiveCfg = Debug|Any CPU
		{BC2E4FA8-09BC-4C64-BFD0-E4EE2F5CAF4A}.Debug|Any CPU.Build.0 = Debug|Any CPU
		{BC2E4FA8-09BC-4C64-BFD0-E4EE2F5CAF4A}.Release|Any CPU.ActiveCfg = Release|Any CPU
		{BC2E4FA8-09BC-4C64-BFD0-E4EE2F5CAF4A}.Release|Any CPU.Build.0 = Release|Any CPU
		{F2167AC9-924F-454B-B615-61432F1953A0}.Debug|Any CPU.ActiveCfg = Debug|Any CPU
		{F2167AC9-924F-454B-B615-61432F1953A0}.Debug|Any CPU.Build.0 = Debug|Any CPU
		{F2167AC9-924F-454B-B615-61432F1953A0}.Release|Any CPU.ActiveCfg = Release|Any CPU
		{F2167AC9-924F-454B-B615-61432F1953A0}.Release|Any CPU.Build.0 = Release|Any CPU
	EndGlobalSection
	GlobalSection(SolutionProperties) = preSolution
		HideSolutionNode = FALSE
	EndGlobalSection
	GlobalSection(ExtensibilityGlobals) = postSolution
		SolutionGuid = {AF0BD279-35B7-4E38-941A-1C1A4FE22474}
	EndGlobalSection
EndGlobal
