
Microsoft Visual Studio Solution File, Format Version 12.00
# Visual Studio Version 16
VisualStudioVersion = 16.0.29020.237
MinimumVisualStudioVersion = 10.0.40219.1
Project("{FAE04EC0-301F-11D3-BF4B-00C04F79EFBC}") = "ExploreCalifornia57", "ExploreCalifornia57\ExploreCalifornia57.csproj", "{A8E229F6-B6FB-452E-B5F7-C9B1B27BA3CC}"
EndProject
Global
	GlobalSection(SolutionConfigurationPlatforms) = preSolution
		Debug|Any CPU = Debug|Any CPU
		Release|Any CPU = Release|Any CPU
	EndGlobalSection
	GlobalSection(ProjectConfigurationPlatforms) = postSolution
		{A8E229F6-B6FB-452E-B5F7-C9B1B27BA3CC}.Debug|Any CPU.ActiveCfg = Debug|Any CPU
		{A8E229F6-B6FB-452E-B5F7-C9B1B27BA3CC}.Debug|Any CPU.Build.0 = Debug|Any CPU
		{A8E229F6-B6FB-452E-B5F7-C9B1B27BA3CC}.Release|Any CPU.ActiveCfg = Release|Any CPU
		{A8E229F6-B6FB-452E-B5F7-C9B1B27BA3CC}.Release|Any CPU.Build.0 = Release|Any CPU
	EndGlobalSection
	GlobalSection(SolutionProperties) = preSolution
		HideSolutionNode = FALSE
	EndGlobalSection
	GlobalSection(ExtensibilityGlobals) = postSolution
		SolutionGuid = {B410D993-CB47-4161-BD41-5AA246AC78D4}
	EndGlobalSection
EndGlobal
